
Microsoft Visual Studio Solution File, Format Version 12.00
# Visual Studio Version 16
VisualStudioVersion = 16.0.30320.27
MinimumVisualStudioVersion = 10.0.40219.1
Project("{9A19103F-16F7-4668-BE54-9A1E7A4F7556}") = "MsGlossaryApp", "MsGlossaryApp\MsGlossaryApp.csproj", "{52708D4E-9C0D-4174-A356-F23BA6297CCC}"
EndProject
Global
	GlobalSection(SolutionConfigurationPlatforms) = preSolution
		Debug|Any CPU = Debug|Any CPU
		Release|Any CPU = Release|Any CPU
	EndGlobalSection
	GlobalSection(ProjectConfigurationPlatforms) = postSolution
		{52708D4E-9C0D-4174-A356-F23BA6297CCC}.Debug|Any CPU.ActiveCfg = Debug|Any CPU
		{52708D4E-9C0D-4174-A356-F23BA6297CCC}.Debug|Any CPU.Build.0 = Debug|Any CPU
		{52708D4E-9C0D-4174-A356-F23BA6297CCC}.Release|Any CPU.ActiveCfg = Release|Any CPU
		{52708D4E-9C0D-4174-A356-F23BA6297CCC}.Release|Any CPU.Build.0 = Release|Any CPU
	EndGlobalSection
	GlobalSection(SolutionProperties) = preSolution
		HideSolutionNode = FALSE
	EndGlobalSection
	GlobalSection(ExtensibilityGlobals) = postSolution
		SolutionGuid = {1CE06AE3-6A64-4CF9-95D8-BB2A212B5D5F}
	EndGlobalSection
EndGlobal
