
Microsoft Visual Studio Solution File, Format Version 12.00
# Visual Studio Version 16
VisualStudioVersion = 16.0.30804.86
MinimumVisualStudioVersion = 10.0.40219.1
Project("{FAE04EC0-301F-11D3-BF4B-00C04F79EFBC}") = "BlazorApp3", "BlazorApp3\BlazorApp3.csproj", "{E4788527-F3E2-46DC-BE1F-B4A8BC25B030}"
EndProject
Global
	GlobalSection(SolutionConfigurationPlatforms) = preSolution
		Debug|Any CPU = Debug|Any CPU
		Release|Any CPU = Release|Any CPU
	EndGlobalSection
	GlobalSection(ProjectConfigurationPlatforms) = postSolution
		{E4788527-F3E2-46DC-BE1F-B4A8BC25B030}.Debug|Any CPU.ActiveCfg = Debug|Any CPU
		{E4788527-F3E2-46DC-BE1F-B4A8BC25B030}.Debug|Any CPU.Build.0 = Debug|Any CPU
		{E4788527-F3E2-46DC-BE1F-B4A8BC25B030}.Release|Any CPU.ActiveCfg = Release|Any CPU
		{E4788527-F3E2-46DC-BE1F-B4A8BC25B030}.Release|Any CPU.Build.0 = Release|Any CPU
	EndGlobalSection
	GlobalSection(SolutionProperties) = preSolution
		HideSolutionNode = FALSE
	EndGlobalSection
	GlobalSection(ExtensibilityGlobals) = postSolution
		SolutionGuid = {3106FA1C-7930-4AED-888F-D0A9619CEFB8}
	EndGlobalSection
EndGlobal
